
Microsoft Visual Studio Solution File, Format Version 12.00
# Visual Studio Version 16
VisualStudioVersion = 16.0.32802.440
MinimumVisualStudioVersion = 10.0.40219.1
Project("{FAE04EC0-301F-11D3-BF4B-00C04F79EFBC}") = "ConsoleApp1", "ConsoleApp1\ConsoleApp1.csproj", "{452910D9-A599-47C2-AC4C-3E7ACE3E0BAC}"
EndProject
Global
	GlobalSection(SolutionConfigurationPlatforms) = preSolution
		Debug|Any CPU = Debug|Any CPU
		Release|Any CPU = Release|Any CPU
	EndGlobalSection
	GlobalSection(ProjectConfigurationPlatforms) = postSolution
		{452910D9-A599-47C2-AC4C-3E7ACE3E0BAC}.Debug|Any CPU.ActiveCfg = Debug|Any CPU
		{452910D9-A599-47C2-AC4C-3E7ACE3E0BAC}.Debug|Any CPU.Build.0 = Debug|Any CPU
		{452910D9-A599-47C2-AC4C-3E7ACE3E0BAC}.Release|Any CPU.ActiveCfg = Release|Any CPU
		{452910D9-A599-47C2-AC4C-3E7ACE3E0BAC}.Release|Any CPU.Build.0 = Release|Any CPU
	EndGlobalSection
	GlobalSection(SolutionProperties) = preSolution
		HideSolutionNode = FALSE
	EndGlobalSection
	GlobalSection(ExtensibilityGlobals) = postSolution
		SolutionGuid = {1271F4A0-9D02-4BA8-8BB5-D04701D74E9F}
	EndGlobalSection
EndGlobal
